
Microsoft Visual Studio Solution File, Format Version 12.00
# Visual Studio Version 17
VisualStudioVersion = 17.14.37710.0 d17.14
MinimumVisualStudioVersion = 10.0.40219.1
Project("{FAE04EC0-301F-11D3-BF4B-00C04F79EFBC}") = "C#Lesson04", "C#Lesson04\C#Lesson04.csproj", "{20834EDB-7451-4310-B974-B3E2FA9BDE99}"
EndProject
Global
	GlobalSection(SolutionConfigurationPlatforms) = preSolution
		Debug|Any CPU = Debug|Any CPU
		Release|Any CPU = Release|Any CPU
	EndGlobalSection
	GlobalSection(ProjectConfigurationPlatforms) = postSolution
		{20834EDB-7451-4310-B974-B3E2FA9BDE99}.Debug|Any CPU.ActiveCfg = Debug|Any CPU
		{20834EDB-7451-4310-B974-B3E2FA9BDE99}.Debug|Any CPU.Build.0 = Debug|Any CPU
		{20834EDB-7451-4310-B974-B3E2FA9BDE99}.Release|Any CPU.ActiveCfg = Release|Any CPU
		{20834EDB-7451-4310-B974-B3E2FA9BDE99}.Release|Any CPU.Build.0 = Release|Any CPU
	EndGlobalSection
	GlobalSection(SolutionProperties) = preSolution
		HideSolutionNode = FALSE
	EndGlobalSection
	GlobalSection(ExtensibilityGlobals) = postSolution
		SolutionGuid = {24790CB7-9549-40BF-B033-D4C12FAF8942}
	EndGlobalSection
EndGlobal
